
Microsoft Visual Studio Solution File, Format Version 12.00
# Visual Studio 2017
Project("{FAE04EC0-301F-11D3-BF4B-00C04F79EFBC}") = "SkillFight.Plugins", "SkillFight.Plugins.csproj", "{24DB1162-87AC-03C2-3878-0931E54880E7}"
EndProject
Project("{FAE04EC0-301F-11D3-BF4B-00C04F79EFBC}") = "SkillFight", "SkillFight.csproj", "{7956A29E-D3C4-2B24-B9E0-D4D051285619}"
EndProject
Project("{FAE04EC0-301F-11D3-BF4B-00C04F79EFBC}") = "SkillFight.Editor.Plugins", "SkillFight.Editor.Plugins.csproj", "{73D39E1E-14F1-10C9-36AA-A08525B675FE}"
EndProject
Project("{FAE04EC0-301F-11D3-BF4B-00C04F79EFBC}") = "SkillFight.Editor", "SkillFight.Editor.csproj", "{9CB8344F-EB5E-E95C-2309-61E560D82EA5}"
EndProject
Global
	GlobalSection(SolutionConfigurationPlatforms) = preSolution
		Debug|Any CPU = Debug|Any CPU
		Release|Any CPU = Release|Any CPU
	EndGlobalSection
	GlobalSection(ProjectConfigurationPlatforms) = postSolution
		{24DB1162-87AC-03C2-3878-0931E54880E7}.Debug|Any CPU.ActiveCfg = Debug|Any CPU
		{24DB1162-87AC-03C2-3878-0931E54880E7}.Debug|Any CPU.Build.0 = Debug|Any CPU
		{24DB1162-87AC-03C2-3878-0931E54880E7}.Release|Any CPU.ActiveCfg = Release|Any CPU
		{24DB1162-87AC-03C2-3878-0931E54880E7}.Release|Any CPU.Build.0 = Release|Any CPU
		{7956A29E-D3C4-2B24-B9E0-D4D051285619}.Debug|Any CPU.ActiveCfg = Debug|Any CPU
		{7956A29E-D3C4-2B24-B9E0-D4D051285619}.Debug|Any CPU.Build.0 = Debug|Any CPU
		{7956A29E-D3C4-2B24-B9E0-D4D051285619}.Release|Any CPU.ActiveCfg = Release|Any CPU
		{7956A29E-D3C4-2B24-B9E0-D4D051285619}.Release|Any CPU.Build.0 = Release|Any CPU
		{73D39E1E-14F1-10C9-36AA-A08525B675FE}.Debug|Any CPU.ActiveCfg = Debug|Any CPU
		{73D39E1E-14F1-10C9-36AA-A08525B675FE}.Debug|Any CPU.Build.0 = Debug|Any CPU
		{73D39E1E-14F1-10C9-36AA-A08525B675FE}.Release|Any CPU.ActiveCfg = Release|Any CPU
		{73D39E1E-14F1-10C9-36AA-A08525B675FE}.Release|Any CPU.Build.0 = Release|Any CPU
		{9CB8344F-EB5E-E95C-2309-61E560D82EA5}.Debug|Any CPU.ActiveCfg = Debug|Any CPU
		{9CB8344F-EB5E-E95C-2309-61E560D82EA5}.Debug|Any CPU.Build.0 = Debug|Any CPU
		{9CB8344F-EB5E-E95C-2309-61E560D82EA5}.Release|Any CPU.ActiveCfg = Release|Any CPU
		{9CB8344F-EB5E-E95C-2309-61E560D82EA5}.Release|Any CPU.Build.0 = Release|Any CPU
	EndGlobalSection
	GlobalSection(SolutionProperties) = preSolution
		HideSolutionNode = FALSE
	EndGlobalSection
EndGlobal
